
Microsoft Visual Studio Solution File, Format Version 12.00
# Visual Studio Version 16
VisualStudioVersion = 16.0.29215.179
MinimumVisualStudioVersion = 10.0.40219.1
Project("{FAE04EC0-301F-11D3-BF4B-00C04F79EFBC}") = "test afternoon", "test afternoon\test afternoon.csproj", "{453B9D40-0CC2-4B6C-B6B5-41BFC80426D5}"
EndProject
Global
	GlobalSection(SolutionConfigurationPlatforms) = preSolution
		Debug|Any CPU = Debug|Any CPU
		Release|Any CPU = Release|Any CPU
	EndGlobalSection
	GlobalSection(ProjectConfigurationPlatforms) = postSolution
		{453B9D40-0CC2-4B6C-B6B5-41BFC80426D5}.Debug|Any CPU.ActiveCfg = Debug|Any CPU
		{453B9D40-0CC2-4B6C-B6B5-41BFC80426D5}.Debug|Any CPU.Build.0 = Debug|Any CPU
		{453B9D40-0CC2-4B6C-B6B5-41BFC80426D5}.Release|Any CPU.ActiveCfg = Release|Any CPU
		{453B9D40-0CC2-4B6C-B6B5-41BFC80426D5}.Release|Any CPU.Build.0 = Release|Any CPU
	EndGlobalSection
	GlobalSection(SolutionProperties) = preSolution
		HideSolutionNode = FALSE
	EndGlobalSection
	GlobalSection(ExtensibilityGlobals) = postSolution
		SolutionGuid = {C2E94A24-59EA-4FCE-88D4-9B6EC55427E7}
	EndGlobalSection
EndGlobal
